// !$*UTF8*$!
{
	archiveVersion = 1;
	classes = {
	};
	objectVersion = 50;
	objects = {

/* Begin PBXBuildFile section */
		8DDBD42423705A36000AEDDD /* AppDelegate.swift in Sources */ = {isa = PBXBuildFile; fileRef = 8DDBD42323705A36000AEDDD /* AppDelegate.swift */; };
		8DDBD42623705A36000AEDDD /* SceneDelegate.swift in Sources */ = {isa = PBXBuildFile; fileRef = 8DDBD42523705A36000AEDDD /* SceneDelegate.swift */; };
		8DDBD42823705A36000AEDDD /* TLViewController.swift in Sources */ = {isa = PBXBuildFile; fileRef = 8DDBD42723705A36000AEDDD /* TLViewController.swift */; };
		8DDBD42B23705A36000AEDDD /* Main.storyboard in Resources */ = {isa = PBXBuildFile; fileRef = 8DDBD42923705A36000AEDDD /* Main.storyboard */; };
		8DDBD42D23705A37000AEDDD /* Assets.xcassets in Resources */ = {isa = PBXBuildFile; fileRef = 8DDBD42C23705A37000AEDDD /* Assets.xcassets */; };
		8DDBD43023705A37000AEDDD /* LaunchScreen.storyboard in Resources */ = {isa = PBXBuildFile; fileRef = 8DDBD42E23705A37000AEDDD /* LaunchScreen.storyboard */; };
		8DDBD43A23706A7C000AEDDD /* AddPostViewController.swift in Sources */ = {isa = PBXBuildFile; fileRef = 8DDBD43923706A7C000AEDDD /* AddPostViewController.swift */; };
/* End PBXBuildFile section */

/* Begin PBXFileReference section */
		8DDBD42023705A36000AEDDD /* shopping.app */ = {isa = PBXFileReference; explicitFileType = wrapper.application; includeInIndex = 0; path = shopping.app; sourceTree = BUILT_PRODUCTS_DIR; };
		8DDBD42323705A36000AEDDD /* AppDelegate.swift */ = {isa = PBXFileReference; lastKnownFileType = sourcecode.swift; path = AppDelegate.swift; sourceTree = "<group>"; };
		8DDBD42523705A36000AEDDD /* SceneDelegate.swift */ = {isa = PBXFileReference; lastKnownFileType = sourcecode.swift; path = SceneDelegate.swift; sourceTree = "<group>"; };
		8DDBD42723705A36000AEDDD /* TLViewController.swift */ = {isa = PBXFileReference; lastKnownFileType = sourcecode.swift; path = TLViewController.swift; sourceTree = "<group>"; };
		8DDBD42A23705A36000AEDDD /* Base */ = {isa = PBXFileReference; lastKnownFileType = file.storyboard; name = Base; path = Base.lproj/Main.storyboard; sourceTree = "<group>"; };
		8DDBD42C23705A37000AEDDD /* Assets.xcassets */ = {isa = PBXFileReference; lastKnownFileType = folder.assetcatalog; path = Assets.xcassets; sourceTree = "<group>"; };
		8DDBD42F23705A37000AEDDD /* Base */ = {isa = PBXFileReference; lastKnownFileType = file.storyboard; name = Base; path = Base.lproj/LaunchScreen.storyboard; sourceTree = "<group>"; };
		8DDBD43123705A37000AEDDD /* Info.plist */ = {isa = PBXFileReference; lastKnownFileType = text.plist.xml; path = Info.plist; sourceTree = "<group>"; };
		8DDBD43923706A7C000AEDDD /* AddPostViewController.swift */ = {isa = PBXFileReference; lastKnownFileType = sourcecode.swift; path = AddPostViewController.swift; sourceTree = "<group>"; };
/* End PBXFileReference section */

/* Begin PBXFrameworksBuildPhase section */
		8DDBD41D23705A36000AEDDD /* Frameworks */ = {
			isa = PBXFrameworksBuildPhase;
			buildActionMask = 2147483647;
			files = (
			);
			runOnlyForDeploymentPostprocessing = 0;
		};
/* End PBXFrameworksBuildPhase section */

/* Begin PBXGroup section */
		8DDBD41723705A36000AEDDD = {
			isa = PBXGroup;
			children = (
				8DDBD42223705A36000AEDDD /* shopping */,
				8DDBD42123705A36000AEDDD /* Products */,
			);
			sourceTree = "<group>";
		};
		8DDBD42123705A36000AEDDD /* Products */ = {
			isa = PBXGroup;
			children = (
				8DDBD42023705A36000AEDDD /* shopping.app */,
			);
			name = Products;
			sourceTree = "<group>";
		};
		8DDBD42223705A36000AEDDD /* shopping */ = {
			isa = PBXGroup;
			children = (
				8DDBD42323705A36000AEDDD /* AppDelegate.swift */,
				8DDBD42523705A36000AEDDD /* SceneDelegate.swift */,
				8DDBD42723705A36000AEDDD /* TLViewController.swift */,
				8DDBD43923706A7C000AEDDD /* AddPostViewController.swift */,
				8DDBD42923705A36000AEDDD /* Main.storyboard */,
				8DDBD42C23705A37000AEDDD /* Assets.xcassets */,
				8DDBD42E23705A37000AEDDD /* LaunchScreen.storyboard */,
				8DDBD43123705A37000AEDDD /* Info.plist */,
			);
			path = shopping;
			sourceTree = "<group>";
		};
/* End PBXGroup section */

/* Begin PBXNativeTarget section */
		8DDBD41F23705A36000AEDDD /* shopping */ = {
			isa = PBXNativeTarget;
			buildConfigurationList = 8DDBD43423705A37000AEDDD /* Build configuration list for PBXNativeTarget "shopping" */;
			buildPhases = (
				8DDBD41C23705A36000AEDDD /* Sources */,
				8DDBD41D23705A36000AEDDD /* Frameworks */,
				8DDBD41E23705A36000AEDDD /* Resources */,
			);
			buildRules = (
			);
			dependencies = (
			);
			name = shopping;
			productName = shopping;
			productReference = 8DDBD42023705A36000AEDDD /* shopping.app */;
			productType = "com.apple.product-type.application";
		};
/* End PBXNativeTarget section */

/* Begin PBXProject section */
		8DDBD41823705A36000AEDDD /* Project object */ = {
			isa = PBXProject;
			attributes = {
				LastSwiftUpdateCheck = 1110;
				LastUpgradeCheck = 1110;
				ORGANIZATIONNAME = "松尾龍磨";
				TargetAttributes = {
					8DDBD41F23705A36000AEDDD = {
						CreatedOnToolsVersion = 11.1;
					};
				};
			};
			buildConfigurationList = 8DDBD41B23705A36000AEDDD /* Build configuration list for PBXProject "shopping" */;
			compatibilityVersion = "Xcode 9.3";
			developmentRegion = en;
			hasScannedForEncodings = 0;
			knownRegions = (
				en,
				Base,
			);
			mainGroup = 8DDBD41723705A36000AEDDD;
			productRefGroup = 8DDBD42123705A36000AEDDD /* Products */;
			projectDirPath = "";
			projectRoot = "";
			targets = (
				8DDBD41F23705A36000AEDDD /* shopping */,
			);
		};
/* End PBXProject section */

/* Begin PBXResourcesBuildPhase section */
		8DDBD41E23705A36000AEDDD /* Resources */ = {
			isa = PBXResourcesBuildPhase;
			buildActionMask = 2147483647;
			files = (
				8DDBD43023705A37000AEDDD /* LaunchScreen.storyboard in Resources */,
				8DDBD42D23705A37000AEDDD /* Assets.xcassets in Resources */,
				8DDBD42B23705A36000AEDDD /* Main.storyboard in Resources */,
			);
			runOnlyForDeploymentPostprocessing = 0;
		};
/* End PBXResourcesBuildPhase section */

/* Begin PBXSourcesBuildPhase section */
		8DDBD41C23705A36000AEDDD /* Sources */ = {
			isa = PBXSourcesBuildPhase;
			buildActionMask = 2147483647;
			files = (
				8DDBD43A23706A7C000AEDDD /* AddPostViewController.swift in Sources */,
				8DDBD42823705A36000AEDDD /* TLViewController.swift in Sources */,
				8DDBD42423705A36000AEDDD /* AppDelegate.swift in Sources */,
				8DDBD42623705A36000AEDDD /* SceneDelegate.swift in Sources */,
			);
			runOnlyForDeploymentPostprocessing = 0;
		};
/* End PBXSourcesBuildPhase section */

/* Begin PBXVariantGroup section */
		8DDBD42923705A36000AEDDD /* Main.storyboard */ = {
			isa = PBXVariantGroup;
			children = (
				8DDBD42A23705A36000AEDDD /* Base */,
			);
			name = Main.storyboard;
			sourceTree = "<group>";
		};
		8DDBD42E23705A37000AEDDD /* LaunchScreen.storyboard */ = {
			isa = PBXVariantGroup;
			children = (
				8DDBD42F23705A37000AEDDD /* Base */,
			);
			name = LaunchScreen.storyboard;
			sourceTree = "<group>";
		};
/* End PBXVariantGroup section */

/* Begin XCBuildConfiguration section */
		8DDBD43223705A37000AEDDD /* Debug */ = {
			isa = XCBuildConfiguration;
			buildSettings = {
				ALWAYS_SEARCH_USER_PATHS = NO;
				CLANG_ANALYZER_NONNULL = YES;
				CLANG_ANALYZER_NUMBER_OBJECT_CONVERSION = YES_AGGRESSIVE;
				CLANG_CXX_LANGUAGE_STANDARD = "gnu++14";
				CLANG_CXX_LIBRARY = "libc++";
				CLANG_ENABLE_MODULES = YES;
				CLANG_ENABLE_OBJC_ARC = YES;
				CLANG_ENABLE_OBJC_WEAK = YES;
				CLANG_WARN_BLOCK_CAPTURE_AUTORELEASING = YES;
				CLANG_WARN_BOOL_CONVERSION = YES;
				CLANG_WARN_COMMA = YES;
				CLANG_WARN_CONSTANT_CONVERSION = YES;
				CLANG_WARN_DEPRECATED_OBJC_IMPLEMENTATIONS = YES;
				CLANG_WARN_DIRECT_OBJC_ISA_USAGE = YES_ERROR;
				CLANG_WARN_DOCUMENTATION_COMMENTS = YES;
				CLANG_WARN_EMPTY_BODY = YES;
				CLANG_WARN_ENUM_CONVERSION = YES;
				CLANG_WARN_INFINITE_RECURSION = YES;
				CLANG_WARN_INT_CONVERSION = YES;
				CLANG_WARN_NON_LITERAL_NULL_CONVERSION = YES;
				CLANG_WARN_OBJC_IMPLICIT_RETAIN_SELF = YES;
				CLANG_WARN_OBJC_LITERAL_CONVERSION = YES;
				CLANG_WARN_OBJC_ROOT_CLASS = YES_ERROR;
				CLANG_WARN_RANGE_LOOP_ANALYSIS = YES;
				CLANG_WARN_STRICT_PROTOTYPES = YES;
				CLANG_WARN_SUSPICIOUS_MOVE = YES;
				CLANG_WARN_UNGUARDED_AVAILABILITY = YES_AGGRESSIVE;
				CLANG_WARN_UNREACHABLE_CODE = YES;
				CLANG_WARN__DUPLICATE_METHOD_MATCH = YES;
				COPY_PHASE_STRIP = NO;
				DEBUG_INFORMATION_FORMAT = dwarf;
				ENABLE_STRICT_OBJC_MSGSEND = YES;
				ENABLE_TESTABILITY = YES;
				GCC_C_LANGUAGE_STANDARD = gnu11;
				GCC_DYNAMIC_NO_PIC = NO;
				GCC_NO_COMMON_BLOCKS = YES;
				GCC_OPTIMIZATION_LEVEL = 0;
				GCC_PREPROCESSOR_DEFINITIONS = (
					"DEBUG=1",
					"$(inherited)",
				);
				GCC_WARN_64_TO_32_BIT_CONVERSION = YES;
				GCC_WARN_ABOUT_RETURN_TYPE = YES_ERROR;
				GCC_WARN_UNDECLARED_SELECTOR = YES;
				GCC_WARN_UNINITIALIZED_AUTOS = YES_AGGRESSIVE;
				GCC_WARN_UNUSED_FUNCTION = YES;
				GCC_WARN_UNUSED_VARIABLE = YES;
				IPHONEOS_DEPLOYMENT_TARGET = 13.1;
				MTL_ENABLE_DEBUG_INFO = INCLUDE_SOURCE;
				MTL_FAST_MATH = YES;
				ONLY_ACTIVE_ARCH = YES;
				SDKROOT = iphoneos;
				SWIFT_ACTIVE_COMPILATION_CONDITIONS = DEBUG;
				SWIFT_OPTIMIZATION_LEVEL = "-Onone";
			};
			name = Debug;
		};
		8DDBD43323705A37000AEDDD /* Release */ = {
			isa = XCBuildConfiguration;
			buildSettings = {
				ALWAYS_SEARCH_USER_PATHS = NO;
				CLANG_ANALYZER_NONNULL = YES;
				CLANG_ANALYZER_NUMBER_OBJECT_CONVERSION = YES_AGGRESSIVE;
				CLANG_CXX_LANGUAGE_STANDARD = "gnu++14";
				CLANG_CXX_LIBRARY = "libc++";
				CLANG_ENABLE_MODULES = YES;
				CLANG_ENABLE_OBJC_ARC = YES;
				CLANG_ENABLE_OBJC_WEAK = YES;
				CLANG_WARN_BLOCK_CAPTURE_AUTORELEASING = YES;
				CLANG_WARN_BOOL_CONVERSION = YES;
				CLANG_WARN_COMMA = YES;
				CLANG_WARN_CONSTANT_CONVERSION = YES;
				CLANG_WARN_DEPRECATED_OBJC_IMPLEMENTATIONS = YES;
				CLANG_WARN_DIRECT_OBJC_ISA_USAGE = YES_ERROR;
				CLANG_WARN_DOCUMENTATION_COMMENTS = YES;
				CLANG_WARN_EMPTY_BODY = YES;
				CLANG_WARN_ENUM_CONVERSION = YES;
				CLANG_WARN_INFINITE_RECURSION = YES;
				CLANG_WARN_INT_CONVERSION = YES;
				CLANG_WARN_NON_LITERAL_NULL_CONVERSION = YES;
				CLANG_WARN_OBJC_IMPLICIT_RETAIN_SELF = YES;
				CLANG_WARN_OBJC_LITERAL_CONVERSION = YES;
				CLANG_WARN_OBJC_ROOT_CLASS = YES_ERROR;
				CLANG_WARN_RANGE_LOOP_ANALYSIS = YES;
				CLANG_WARN_STRICT_PROTOTYPES = YES;
				CLANG_WARN_SUSPICIOUS_MOVE = YES;
				CLANG_WARN_UNGUARDED_AVAILABILITY = YES_AGGRESSIVE;
				CLANG_WARN_UNREACHABLE_CODE = YES;
				CLANG_WARN__DUPLICATE_METHOD_MATCH = YES;
				COPY_PHASE_STRIP = NO;
				DEBUG_INFORMATION_FORMAT = "dwarf-with-dsym";
				ENABLE_NS_ASSERTIONS = NO;
				ENABLE_STRICT_OBJC_MSGSEND = YES;
				GCC_C_LANGUAGE_STANDARD = gnu11;
				GCC_NO_COMMON_BLOCKS = YES;
				GCC_WARN_64_TO_32_BIT_CONVERSION = YES;
				GCC_WARN_ABOUT_RETURN_TYPE = YES_ERROR;
				GCC_WARN_UNDECLARED_SELECTOR = YES;
				GCC_WARN_UNINITIALIZED_AUTOS = YES_AGGRESSIVE;
				GCC_WARN_UNUSED_FUNCTION = YES;
				GCC_WARN_UNUSED_VARIABLE = YES;
				IPHONEOS_DEPLOYMENT_TARGET = 13.1;
				MTL_ENABLE_DEBUG_INFO = NO;
				MTL_FAST_MATH = YES;
				SDKROOT = iphoneos;
				SWIFT_COMPILATION_MODE = wholemodule;
				SWIFT_OPTIMIZATION_LEVEL = "-O";
				VALIDATE_PRODUCT = YES;
			};
			name = Release;
		};
		8DDBD43523705A37000AEDDD /* Debug */ = {
			isa = XCBuildConfiguration;
			buildSettings = {
				ASSETCATALOG_COMPILER_APPICON_NAME = AppIcon;
				CODE_SIGN_STYLE = Automatic;
				DEVELOPMENT_TEAM = LPA6CLNSW3;
				INFOPLIST_FILE = shopping/Info.plist;
				LD_RUNPATH_SEARCH_PATHS = (
					"$(inherited)",
					"@executable_path/Frameworks",
				);
				PRODUCT_BUNDLE_IDENTIFIER = com.example.someone.shopping;
				PRODUCT_NAME = "$(TARGET_NAME)";
				SWIFT_VERSION = 5.0;
				TARGETED_DEVICE_FAMILY = "1,2";
			};
			name = Debug;
		};
		8DDBD43623705A37000AEDDD /* Release */ = {
			isa = XCBuildConfiguration;
			buildSettings = {
				ASSETCATALOG_COMPILER_APPICON_NAME = AppIcon;
				CODE_SIGN_STYLE = Automatic;
				DEVELOPMENT_TEAM = LPA6CLNSW3;
				INFOPLIST_FILE = shopping/Info.plist;
				LD_RUNPATH_SEARCH_PATHS = (
					"$(inherited)",
					"@executable_path/Frameworks",
				);
				PRODUCT_BUNDLE_IDENTIFIER = com.example.someone.shopping;
				PRODUCT_NAME = "$(TARGET_NAME)";
				SWIFT_VERSION = 5.0;
				TARGETED_DEVICE_FAMILY = "1,2";
			};
			name = Release;
		};
/* End XCBuildConfiguration section */

/* Begin XCConfigurationList section */
		8DDBD41B23705A36000AEDDD /* Build configuration list for PBXProject "shopping" */ = {
			isa = XCConfigurationList;
			buildConfigurations = (
				8DDBD43223705A37000AEDDD /* Debug */,
				8DDBD43323705A37000AEDDD /* Release */,
			);
			defaultConfigurationIsVisible = 0;
			defaultConfigurationName = Release;
		};
		8DDBD43423705A37000AEDDD /* Build configuration list for PBXNativeTarget "shopping" */ = {
			isa = XCConfigurationList;
			buildConfigurations = (
				8DDBD43523705A37000AEDDD /* Debug */,
				8DDBD43623705A37000AEDDD /* Release */,
			);
			defaultConfigurationIsVisible = 0;
			defaultConfigurationName = Release;
		};
/* End XCConfigurationList section */
	};
	rootObject = 8DDBD41823705A36000AEDDD /* Project object */;
}
